
Microsoft Visual Studio Solution File, Format Version 12.00
# Visual Studio 15
VisualStudioVersion = 15.0.28307.102
MinimumVisualStudioVersion = 10.0.40219.1
Project("{FAE04EC0-301F-11D3-BF4B-00C04F79EFBC}") = "Prototipo", "Prototipo.csproj", "{1573FE59-4C6E-4E76-97C6-205D1DCA9959}"
EndProject
Global
	GlobalSection(SolutionConfigurationPlatforms) = preSolution
		Debug|Any CPU = Debug|Any CPU
		Release|Any CPU = Release|Any CPU
	EndGlobalSection
	GlobalSection(ProjectConfigurationPlatforms) = postSolution
		{1573FE59-4C6E-4E76-97C6-205D1DCA9959}.Debug|Any CPU.ActiveCfg = Debug|Any CPU
		{1573FE59-4C6E-4E76-97C6-205D1DCA9959}.Debug|Any CPU.Build.0 = Debug|Any CPU
		{1573FE59-4C6E-4E76-97C6-205D1DCA9959}.Release|Any CPU.ActiveCfg = Release|Any CPU
		{1573FE59-4C6E-4E76-97C6-205D1DCA9959}.Release|Any CPU.Build.0 = Release|Any CPU
	EndGlobalSection
	GlobalSection(SolutionProperties) = preSolution
		HideSolutionNode = FALSE
	EndGlobalSection
	GlobalSection(ExtensibilityGlobals) = postSolution
		SolutionGuid = {605FC69D-2339-4CDB-8090-4833A2C1D148}
	EndGlobalSection
EndGlobal
